
Microsoft Visual Studio Solution File, Format Version 12.00
# Visual Studio Version 17
VisualStudioVersion = 17.9.34714.143
MinimumVisualStudioVersion = 10.0.40219.1
Project("{FAE04EC0-301F-11D3-BF4B-00C04F79EFBC}") = "WindowsFormsApp3", "WindowsFormsApp3\WindowsFormsApp3.csproj", "{CFA36B65-6463-4441-94C9-377DBE67E7D5}"
EndProject
Global
	GlobalSection(SolutionConfigurationPlatforms) = preSolution
		Debug|Any CPU = Debug|Any CPU
		Release|Any CPU = Release|Any CPU
	EndGlobalSection
	GlobalSection(ProjectConfigurationPlatforms) = postSolution
		{CFA36B65-6463-4441-94C9-377DBE67E7D5}.Debug|Any CPU.ActiveCfg = Debug|Any CPU
		{CFA36B65-6463-4441-94C9-377DBE67E7D5}.Debug|Any CPU.Build.0 = Debug|Any CPU
		{CFA36B65-6463-4441-94C9-377DBE67E7D5}.Release|Any CPU.ActiveCfg = Release|Any CPU
		{CFA36B65-6463-4441-94C9-377DBE67E7D5}.Release|Any CPU.Build.0 = Release|Any CPU
	EndGlobalSection
	GlobalSection(SolutionProperties) = preSolution
		HideSolutionNode = FALSE
	EndGlobalSection
	GlobalSection(ExtensibilityGlobals) = postSolution
		SolutionGuid = {12DD17E4-3A99-4D2A-BD17-0EC7BB635EC7}
	EndGlobalSection
EndGlobal
